langcode: en
status: true
dependencies:
  module:
    - node
    - openideal_idea
    - route_condition
  theme:
    - openideal_theme
id: experts_idea_votes_block
theme: openideal_theme
region: sidebar
weight: -9
provider: null
plugin: openideal_discussion_experts_voting
settings:
  id: openideal_idea_experts_voting
  label: 'Idea votes'
  provider: openideal_discussion
  label_display: visible
visibility:
  node_type:
    id: node_type
    bundles:
      discussion: discussion
    negate: false
    context_mapping:
      node: '@node.node_route_context:node'
  route:
    id: route
    routes: entity.node.canonical
    negate: false
    context_mapping: {  }
