langcode: en
status: true
dependencies:
  module:
    - node
    - openideal_statistics
    - route_condition
  theme:
    - openideal_theme
id: idea_statistics_sidebar_block
theme: openideal_theme
region: sidebar
weight: -11
provider: null
plugin: openideal_statistics_idea_statistics
settings:
  id: openideal_statistics_idea_statistics
  label: 'Rating and statistics'
  label_display: visible
  provider: openideal_statistics
  context_mapping:
    node: '@node.node_route_context:node'
  show_five_stars: 1
visibility:
  route:
    id: route
    routes: entity.node.canonical
    negate: false
    context_mapping: {  }
  'entity_bundle:node':
    id: 'entity_bundle:node'
    negate: false
    context_mapping:
      node: '@node.node_route_context:node'
    bundles:
      idea: idea
