langcode: en
status: true
dependencies:
  module:
    - node
    - openideal_footer
    - route_condition
  theme:
    - openideal_theme
id: mobile_footer_block
theme: openideal_theme
region: footer
weight: 0
provider: null
plugin: openideal_footer_mobile_footer_block
settings:
  id: openideal_footer_mobile_footer_block
  label: 'Mobile footer block'
  label_display: '0'
  provider: openideal_footer
  context_mapping:
    node: '@node.node_route_context:node'
  hide_like: 0
  main_class: site-footer-mobile-block
visibility:
  route:
    id: route
    routes: entity.node.canonical
    negate: false
    context_mapping: {  }
  'entity_bundle:node':
    id: 'entity_bundle:node'
    negate: false
    context_mapping:
      node: '@node.node_route_context:node'
    bundles:
      article: article
      challenge: challenge
      discussion: discussion
      idea: idea
