langcode: en
status: true
dependencies:
  config:
    - views.view.followers
  module:
    - node
    - route_condition
    - views
  theme:
    - openideal_theme
id: views_block__followers_co_authors_block
theme: openideal_theme
region: sidebar
weight: -6
provider: null
plugin: 'views_block:followers-co_authors_block'
settings:
  id: 'views_block:followers-co_authors_block'
  label: ''
  label_display: visible
  provider: views
  context_mapping: {  }
  views_label: ''
  items_per_page: none
visibility:
  route:
    id: route
    routes: entity.node.canonical
    negate: false
    context_mapping: {  }
  'entity_bundle:node':
    id: 'entity_bundle:node'
    negate: false
    context_mapping:
      node: '@node.node_route_context:node'
    bundles:
      idea: idea
