langcode: en
status: true
dependencies:
  module:
    - node
    - openideal_statistics
    - route_condition
  theme:
    - openideal_theme
id: challenge_statistics_block
theme: openideal_theme
region: sidebar
weight: -12
provider: null
plugin: openideal_statistics_challenge_statistics
settings:
  id: openideal_statistics_challenge_statistics
  label: 'Rating and statistics'
  provider: openideal_statistics
  label_display: visible
  context_mapping:
    node: '@node.node_route_context:node'
visibility:
  node_type:
    id: node_type
    bundles:
      challenge: challenge
    negate: false
    context_mapping:
      node: '@node.node_route_context:node'
  route:
    id: route
    routes: entity.node.canonical
    negate: false
    context_mapping: {  }
