langcode: en
status: true
dependencies:
  module:
    - node
    - openideal_idea
    - route_condition
    - user
  theme:
    - openideal_theme
id: flag_and_like_block
theme: openideal_theme
region: sidebar
weight: -16
provider: null
plugin: openideal_idea_flag_and_like_block
settings:
  id: openideal_idea_flag_and_like_block
  label: 'Flag and Like block'
  label_display: '0'
  provider: openideal_idea
  context_mapping:
    node: '@node.node_route_context:node'
  hide_like: 0
  main_class: region-sidebar--flag-and-follow
visibility:
  route:
    id: route
    routes: entity.node.canonical
    negate: false
    context_mapping: {  }
  user_role:
    id: user_role
    negate: false
    context_mapping:
      user: '@user.current_user_context:current_user'
    roles:
      authenticated: authenticated
  'entity_bundle:node':
    id: 'entity_bundle:node'
    negate: false
    context_mapping:
      node: '@node.node_route_context:node'
    bundles:
      idea: idea
