langcode: en
status: true
dependencies:
  config:
    - views.view.public_activity
  module:
    - route_condition
    - views
  theme:
    - openideal_theme
id: views_block__public_activity_public_activity_block
theme: openideal_theme
region: sidebar
weight: -17
provider: null
plugin: 'views_block:public_activity-public_activity_block'
settings:
  id: 'views_block:public_activity-public_activity_block'
  label: 'Latest updates'
  label_display: visible
  provider: views
  views_label: 'Latest updates'
  items_per_page: none
visibility:
  route:
    id: route
    routes: "view.frontpage.front_page\r\nview.news.all_news_page"
    negate: false
    context_mapping: {  }
